
Microsoft Visual Studio Solution File, Format Version 12.00
# Visual Studio Version 17
VisualStudioVersion = 17.9.34728.123
MinimumVisualStudioVersion = 10.0.40219.1
Project("{FAE04EC0-301F-11D3-BF4B-00C04F79EFBC}") = "APIdeCrud", "APIdeCrud\APIdeCrud.csproj", "{A6D55195-4D69-43D6-B861-81C5041B44BD}"
EndProject
Global
	GlobalSection(SolutionConfigurationPlatforms) = preSolution
		Debug|Any CPU = Debug|Any CPU
		Release|Any CPU = Release|Any CPU
	EndGlobalSection
	GlobalSection(ProjectConfigurationPlatforms) = postSolution
		{A6D55195-4D69-43D6-B861-81C5041B44BD}.Debug|Any CPU.ActiveCfg = Debug|Any CPU
		{A6D55195-4D69-43D6-B861-81C5041B44BD}.Debug|Any CPU.Build.0 = Debug|Any CPU
		{A6D55195-4D69-43D6-B861-81C5041B44BD}.Release|Any CPU.ActiveCfg = Release|Any CPU
		{A6D55195-4D69-43D6-B861-81C5041B44BD}.Release|Any CPU.Build.0 = Release|Any CPU
	EndGlobalSection
	GlobalSection(SolutionProperties) = preSolution
		HideSolutionNode = FALSE
	EndGlobalSection
	GlobalSection(ExtensibilityGlobals) = postSolution
		SolutionGuid = {784653AE-1373-45B3-98E2-0848B0EFEA2A}
	EndGlobalSection
EndGlobal
